
Microsoft Visual Studio Solution File, Format Version 12.00
# Visual Studio Version 17
VisualStudioVersion = 17.3.32811.315
MinimumVisualStudioVersion = 10.0.40219.1
Project("{FAE04EC0-301F-11D3-BF4B-00C04F79EFBC}") = "Historia Clinica", "Historia Clinica\Historia Clinica.csproj", "{E78AA3DF-7715-4F9F-8BE2-E3BD5911869E}"
EndProject
Global
	GlobalSection(SolutionConfigurationPlatforms) = preSolution
		Debug|Any CPU = Debug|Any CPU
		Release|Any CPU = Release|Any CPU
	EndGlobalSection
	GlobalSection(ProjectConfigurationPlatforms) = postSolution
		{E78AA3DF-7715-4F9F-8BE2-E3BD5911869E}.Debug|Any CPU.ActiveCfg = Debug|Any CPU
		{E78AA3DF-7715-4F9F-8BE2-E3BD5911869E}.Debug|Any CPU.Build.0 = Debug|Any CPU
		{E78AA3DF-7715-4F9F-8BE2-E3BD5911869E}.Release|Any CPU.ActiveCfg = Release|Any CPU
		{E78AA3DF-7715-4F9F-8BE2-E3BD5911869E}.Release|Any CPU.Build.0 = Release|Any CPU
	EndGlobalSection
	GlobalSection(SolutionProperties) = preSolution
		HideSolutionNode = FALSE
	EndGlobalSection
	GlobalSection(ExtensibilityGlobals) = postSolution
		SolutionGuid = {DA0CFE35-19A5-4EEF-8FE4-A03386675B79}
	EndGlobalSection
EndGlobal
